
Microsoft Visual Studio Solution File, Format Version 12.00
# Visual Studio Version 17
VisualStudioVersion = 17.8.34511.84
MinimumVisualStudioVersion = 10.0.40219.1
Project("{FAE04EC0-301F-11D3-BF4B-00C04F79EFBC}") = "AutomotiveEcommercePlatform.Server", "AutomotiveEcommercePlatform.Server\AutomotiveEcommercePlatform.Server.csproj", "{D8B588CA-6773-4969-93E7-EC4C414DD851}"
EndProject
Project("{54A90642-561A-4BB1-A94E-469ADEE60C69}") = "automotiveecommerceplatform.client", "automotiveecommerceplatform.client\automotiveecommerceplatform.client.esproj", "{8A78B3CA-5973-491A-86DF-880FD0F5B0CC}"
EndProject
Global
	GlobalSection(SolutionConfigurationPlatforms) = preSolution
		Debug|Any CPU = Debug|Any CPU
		Release|Any CPU = Release|Any CPU
	EndGlobalSection
	GlobalSection(ProjectConfigurationPlatforms) = postSolution
		{D8B588CA-6773-4969-93E7-EC4C414DD851}.Debug|Any CPU.ActiveCfg = Debug|Any CPU
		{D8B588CA-6773-4969-93E7-EC4C414DD851}.Debug|Any CPU.Build.0 = Debug|Any CPU
		{D8B588CA-6773-4969-93E7-EC4C414DD851}.Release|Any CPU.ActiveCfg = Release|Any CPU
		{D8B588CA-6773-4969-93E7-EC4C414DD851}.Release|Any CPU.Build.0 = Release|Any CPU
		{8A78B3CA-5973-491A-86DF-880FD0F5B0CC}.Debug|Any CPU.ActiveCfg = Debug|Any CPU
		{8A78B3CA-5973-491A-86DF-880FD0F5B0CC}.Debug|Any CPU.Build.0 = Debug|Any CPU
		{8A78B3CA-5973-491A-86DF-880FD0F5B0CC}.Debug|Any CPU.Deploy.0 = Debug|Any CPU
		{8A78B3CA-5973-491A-86DF-880FD0F5B0CC}.Release|Any CPU.ActiveCfg = Release|Any CPU
		{8A78B3CA-5973-491A-86DF-880FD0F5B0CC}.Release|Any CPU.Build.0 = Release|Any CPU
		{8A78B3CA-5973-491A-86DF-880FD0F5B0CC}.Release|Any CPU.Deploy.0 = Release|Any CPU
	EndGlobalSection
	GlobalSection(SolutionProperties) = preSolution
		HideSolutionNode = FALSE
	EndGlobalSection
	GlobalSection(ExtensibilityGlobals) = postSolution
		SolutionGuid = {A007BD29-2E1D-460B-A5FD-8E970816749D}
	EndGlobalSection
EndGlobal
